
Microsoft Visual Studio Solution File, Format Version 12.00
# Visual Studio Version 17
VisualStudioVersion = 17.0.31903.59
MinimumVisualStudioVersion = 10.0.40219.1
Project("{FAE04EC0-301F-11D3-BF4B-00C04F79EFBC}") = "DocDes.Api", "DocDes.Api\DocDes.Api.csproj", "{0F27F539-D293-4F43-94E3-4CE398FDA098}"
EndProject
Project("{FAE04EC0-301F-11D3-BF4B-00C04F79EFBC}") = "DocDes.Core", "DocDes.Core\DocDes.Core.csproj", "{5F9AFA08-8C97-4281-A70C-9EBA435C7341}"
EndProject
Project("{FAE04EC0-301F-11D3-BF4B-00C04F79EFBC}") = "DocDes.Service", "DocDes.Service\DocDes.Service.csproj", "{19F124A7-9510-4B7F-8F6D-9F074A0A6BE2}"
EndProject
Project("{FAE04EC0-301F-11D3-BF4B-00C04F79EFBC}") = "DocDes.Infrastructure", "DocDes.Infrastructure\DocDes.Infrastructure.csproj", "{E76EE53D-170C-481A-87D3-2A3FECF20EF3}"
EndProject
Project("{FAE04EC0-301F-11D3-BF4B-00C04F79EFBC}") = "DocDes.Service.Test", "DocDes.Service.Test\DocDes.Service.Test.csproj", "{2737CE0B-DAB4-414F-B4DC-0D9531FA7DDF}"
EndProject
Global
	GlobalSection(SolutionConfigurationPlatforms) = preSolution
		Debug|Any CPU = Debug|Any CPU
		Debug|x64 = Debug|x64
		Debug|x86 = Debug|x86
		Release|Any CPU = Release|Any CPU
		Release|x64 = Release|x64
		Release|x86 = Release|x86
	EndGlobalSection
	GlobalSection(ProjectConfigurationPlatforms) = postSolution
		{0F27F539-D293-4F43-94E3-4CE398FDA098}.Debug|Any CPU.ActiveCfg = Debug|Any CPU
		{0F27F539-D293-4F43-94E3-4CE398FDA098}.Debug|Any CPU.Build.0 = Debug|Any CPU
		{0F27F539-D293-4F43-94E3-4CE398FDA098}.Debug|x64.ActiveCfg = Debug|Any CPU
		{0F27F539-D293-4F43-94E3-4CE398FDA098}.Debug|x64.Build.0 = Debug|Any CPU
		{0F27F539-D293-4F43-94E3-4CE398FDA098}.Debug|x86.ActiveCfg = Debug|Any CPU
		{0F27F539-D293-4F43-94E3-4CE398FDA098}.Debug|x86.Build.0 = Debug|Any CPU
		{0F27F539-D293-4F43-94E3-4CE398FDA098}.Release|Any CPU.ActiveCfg = Release|Any CPU
		{0F27F539-D293-4F43-94E3-4CE398FDA098}.Release|Any CPU.Build.0 = Release|Any CPU
		{0F27F539-D293-4F43-94E3-4CE398FDA098}.Release|x64.ActiveCfg = Release|Any CPU
		{0F27F539-D293-4F43-94E3-4CE398FDA098}.Release|x64.Build.0 = Release|Any CPU
		{0F27F539-D293-4F43-94E3-4CE398FDA098}.Release|x86.ActiveCfg = Release|Any CPU
		{0F27F539-D293-4F43-94E3-4CE398FDA098}.Release|x86.Build.0 = Release|Any CPU
		{5F9AFA08-8C97-4281-A70C-9EBA435C7341}.Debug|Any CPU.ActiveCfg = Debug|Any CPU
		{5F9AFA08-8C97-4281-A70C-9EBA435C7341}.Debug|Any CPU.Build.0 = Debug|Any CPU
		{5F9AFA08-8C97-4281-A70C-9EBA435C7341}.Debug|x64.ActiveCfg = Debug|Any CPU
		{5F9AFA08-8C97-4281-A70C-9EBA435C7341}.Debug|x64.Build.0 = Debug|Any CPU
		{5F9AFA08-8C97-4281-A70C-9EBA435C7341}.Debug|x86.ActiveCfg = Debug|Any CPU
		{5F9AFA08-8C97-4281-A70C-9EBA435C7341}.Debug|x86.Build.0 = Debug|Any CPU
		{5F9AFA08-8C97-4281-A70C-9EBA435C7341}.Release|Any CPU.ActiveCfg = Release|Any CPU
		{5F9AFA08-8C97-4281-A70C-9EBA435C7341}.Release|Any CPU.Build.0 = Release|Any CPU
		{5F9AFA08-8C97-4281-A70C-9EBA435C7341}.Release|x64.ActiveCfg = Release|Any CPU
		{5F9AFA08-8C97-4281-A70C-9EBA435C7341}.Release|x64.Build.0 = Release|Any CPU
		{5F9AFA08-8C97-4281-A70C-9EBA435C7341}.Release|x86.ActiveCfg = Release|Any CPU
		{5F9AFA08-8C97-4281-A70C-9EBA435C7341}.Release|x86.Build.0 = Release|Any CPU
		{19F124A7-9510-4B7F-8F6D-9F074A0A6BE2}.Debug|Any CPU.ActiveCfg = Debug|Any CPU
		{19F124A7-9510-4B7F-8F6D-9F074A0A6BE2}.Debug|Any CPU.Build.0 = Debug|Any CPU
		{19F124A7-9510-4B7F-8F6D-9F074A0A6BE2}.Debug|x64.ActiveCfg = Debug|Any CPU
		{19F124A7-9510-4B7F-8F6D-9F074A0A6BE2}.Debug|x64.Build.0 = Debug|Any CPU
		{19F124A7-9510-4B7F-8F6D-9F074A0A6BE2}.Debug|x86.ActiveCfg = Debug|Any CPU
		{19F124A7-9510-4B7F-8F6D-9F074A0A6BE2}.Debug|x86.Build.0 = Debug|Any CPU
		{19F124A7-9510-4B7F-8F6D-9F074A0A6BE2}.Release|Any CPU.ActiveCfg = Release|Any CPU
		{19F124A7-9510-4B7F-8F6D-9F074A0A6BE2}.Release|Any CPU.Build.0 = Release|Any CPU
		{19F124A7-9510-4B7F-8F6D-9F074A0A6BE2}.Release|x64.ActiveCfg = Release|Any CPU
		{19F124A7-9510-4B7F-8F6D-9F074A0A6BE2}.Release|x64.Build.0 = Release|Any CPU
		{19F124A7-9510-4B7F-8F6D-9F074A0A6BE2}.Release|x86.ActiveCfg = Release|Any CPU
		{19F124A7-9510-4B7F-8F6D-9F074A0A6BE2}.Release|x86.Build.0 = Release|Any CPU
		{E76EE53D-170C-481A-87D3-2A3FECF20EF3}.Debug|Any CPU.ActiveCfg = Debug|Any CPU
		{E76EE53D-170C-481A-87D3-2A3FECF20EF3}.Debug|Any CPU.Build.0 = Debug|Any CPU
		{E76EE53D-170C-481A-87D3-2A3FECF20EF3}.Debug|x64.ActiveCfg = Debug|Any CPU
		{E76EE53D-170C-481A-87D3-2A3FECF20EF3}.Debug|x64.Build.0 = Debug|Any CPU
		{E76EE53D-170C-481A-87D3-2A3FECF20EF3}.Debug|x86.ActiveCfg = Debug|Any CPU
		{E76EE53D-170C-481A-87D3-2A3FECF20EF3}.Debug|x86.Build.0 = Debug|Any CPU
		{E76EE53D-170C-481A-87D3-2A3FECF20EF3}.Release|Any CPU.ActiveCfg = Release|Any CPU
		{E76EE53D-170C-481A-87D3-2A3FECF20EF3}.Release|Any CPU.Build.0 = Release|Any CPU
		{E76EE53D-170C-481A-87D3-2A3FECF20EF3}.Release|x64.ActiveCfg = Release|Any CPU
		{E76EE53D-170C-481A-87D3-2A3FECF20EF3}.Release|x64.Build.0 = Release|Any CPU
		{E76EE53D-170C-481A-87D3-2A3FECF20EF3}.Release|x86.ActiveCfg = Release|Any CPU
		{E76EE53D-170C-481A-87D3-2A3FECF20EF3}.Release|x86.Build.0 = Release|Any CPU
		{2737CE0B-DAB4-414F-B4DC-0D9531FA7DDF}.Debug|Any CPU.ActiveCfg = Debug|Any CPU
		{2737CE0B-DAB4-414F-B4DC-0D9531FA7DDF}.Debug|Any CPU.Build.0 = Debug|Any CPU
		{2737CE0B-DAB4-414F-B4DC-0D9531FA7DDF}.Debug|x64.ActiveCfg = Debug|Any CPU
		{2737CE0B-DAB4-414F-B4DC-0D9531FA7DDF}.Debug|x64.Build.0 = Debug|Any CPU
		{2737CE0B-DAB4-414F-B4DC-0D9531FA7DDF}.Debug|x86.ActiveCfg = Debug|Any CPU
		{2737CE0B-DAB4-414F-B4DC-0D9531FA7DDF}.Debug|x86.Build.0 = Debug|Any CPU
		{2737CE0B-DAB4-414F-B4DC-0D9531FA7DDF}.Release|Any CPU.ActiveCfg = Release|Any CPU
		{2737CE0B-DAB4-414F-B4DC-0D9531FA7DDF}.Release|Any CPU.Build.0 = Release|Any CPU
		{2737CE0B-DAB4-414F-B4DC-0D9531FA7DDF}.Release|x64.ActiveCfg = Release|Any CPU
		{2737CE0B-DAB4-414F-B4DC-0D9531FA7DDF}.Release|x64.Build.0 = Release|Any CPU
		{2737CE0B-DAB4-414F-B4DC-0D9531FA7DDF}.Release|x86.ActiveCfg = Release|Any CPU
		{2737CE0B-DAB4-414F-B4DC-0D9531FA7DDF}.Release|x86.Build.0 = Release|Any CPU
	EndGlobalSection
	GlobalSection(SolutionProperties) = preSolution
		HideSolutionNode = FALSE
	EndGlobalSection
EndGlobal
